
Microsoft Visual Studio Solution File, Format Version 12.00
# Visual Studio Version 16
VisualStudioVersion = 16.0.29806.167
MinimumVisualStudioVersion = 10.0.40219.1
Project("{FAE04EC0-301F-11D3-BF4B-00C04F79EFBC}") = "EnvironmentVariables", "EnvironmentVariables.csproj", "{ED119815-FC17-4789-A2E2-6E2F83F27E25}"
EndProject
Global
	GlobalSection(SolutionConfigurationPlatforms) = preSolution
		Debug|Any CPU = Debug|Any CPU
		Release|Any CPU = Release|Any CPU
	EndGlobalSection
	GlobalSection(ProjectConfigurationPlatforms) = postSolution
		{ED119815-FC17-4789-A2E2-6E2F83F27E25}.Debug|Any CPU.ActiveCfg = Debug|Any CPU
		{ED119815-FC17-4789-A2E2-6E2F83F27E25}.Debug|Any CPU.Build.0 = Debug|Any CPU
		{ED119815-FC17-4789-A2E2-6E2F83F27E25}.Release|Any CPU.ActiveCfg = Release|Any CPU
		{ED119815-FC17-4789-A2E2-6E2F83F27E25}.Release|Any CPU.Build.0 = Release|Any CPU
	EndGlobalSection
	GlobalSection(SolutionProperties) = preSolution
		HideSolutionNode = FALSE
	EndGlobalSection
	GlobalSection(ExtensibilityGlobals) = postSolution
		SolutionGuid = {325C0FBF-E6B8-4ECB-8FCA-E67F808B10D1}
	EndGlobalSection
EndGlobal
